<?xml version="1.0" encoding="utf-8"?>
<Project ToolsVersion="4.0" xmlns="http://schemas.microsoft.com/developer/msbuild/2003">
  <ItemGroup>
    <Filter Include="소스 파일">
      <UniqueIdentifier>{4FC737F1-C7A5-4376-A066-2A32D752A2FF}</UniqueIdentifier>
      <Extensions>cpp;c;cc;cxx;def;odl;idl;hpj;bat;asm;asmx</Extensions>
    </Filter>
    <Filter Include="헤더 파일">
      <UniqueIdentifier>{93995380-89BD-4b04-88EB-625FBE52EBFB}</UniqueIdentifier>
      <Extensions>h;hh;hpp;hxx;hm;inl;inc;xsd</Extensions>
    </Filter>
    <Filter Include="리소스 파일">
      <UniqueIdentifier>{67DA6AB6-F800-4c08-8B7A-83BB121AAD01}</UniqueIdentifier>
      <Extensions>rc;ico;cur;bmp;dlg;rc2;rct;bin;rgs;gif;jpg;jpeg;jpe;resx;tiff;tif;png;wav;mfcribbon-ms</Extensions>
    </Filter>
    <Filter Include="소스 파일\Lecture">
      <UniqueIdentifier>{0cc598d6-933c-49f2-9d9f-b90fa7a64cf9}</UniqueIdentifier>
    </Filter>
    <Filter Include="소스 파일\C언어실기문제들">
      <UniqueIdentifier>{a31dd819-5bf4-48bb-93e7-02e1fdc74226}</UniqueIdentifier>
    </Filter>
    <Filter Include="소스 파일\2014까지_1">
      <UniqueIdentifier>{a934121e-b628-4919-97c3-d7f29791decc}</UniqueIdentifier>
    </Filter>
    <Filter Include="소스 파일\2014까지_2">
      <UniqueIdentifier>{c0f219c6-26f1-41b2-8ce8-0e14f5a1361a}</UniqueIdentifier>
    </Filter>
  </ItemGroup>
  <ItemGroup>
    <Text Include="input.txt">
      <Filter>리소스 파일</Filter>
    </Text>
    <Text Include="output.txt">
      <Filter>리소스 파일</Filter>
    </Text>
  </ItemGroup>
  <ItemGroup>
    <ClCompile Include="C언어실기문제들\1.c">
      <Filter>소스 파일\C언어실기문제들</Filter>
    </ClCompile>
    <ClCompile Include="C언어실기문제들\2.c">
      <Filter>소스 파일\C언어실기문제들</Filter>
    </ClCompile>
    <ClCompile Include="C언어실기문제들\3.c">
      <Filter>소스 파일\C언어실기문제들</Filter>
    </ClCompile>
    <ClCompile Include="C언어실기문제들\4.c">
      <Filter>소스 파일\C언어실기문제들</Filter>
    </ClCompile>
    <ClCompile Include="C언어실기문제들\5.c">
      <Filter>소스 파일\C언어실기문제들</Filter>
    </ClCompile>
    <ClCompile Include="C언어실기문제들\6.c">
      <Filter>소스 파일\C언어실기문제들</Filter>
    </ClCompile>
    <ClCompile Include="C언어실기문제들\7.c">
      <Filter>소스 파일\C언어실기문제들</Filter>
    </ClCompile>
    <ClCompile Include="C언어실기문제들\8.c">
      <Filter>소스 파일\C언어실기문제들</Filter>
    </ClCompile>
    <ClCompile Include="C언어실기문제들\9.c">
      <Filter>소스 파일\C언어실기문제들</Filter>
    </ClCompile>
    <ClCompile Include="C언어실기문제들\10.c">
      <Filter>소스 파일\C언어실기문제들</Filter>
    </ClCompile>
    <ClCompile Include="C언어실기문제들\11.c">
      <Filter>소스 파일\C언어실기문제들</Filter>
    </ClCompile>
    <ClCompile Include="C언어실기문제들\12.c">
      <Filter>소스 파일\C언어실기문제들</Filter>
    </ClCompile>
    <ClCompile Include="C언어실기문제들\13.c">
      <Filter>소스 파일\C언어실기문제들</Filter>
    </ClCompile>
    <ClCompile Include="C언어실기문제들\14.c">
      <Filter>소스 파일\C언어실기문제들</Filter>
    </ClCompile>
    <ClCompile Include="C언어실기문제들\15.c">
      <Filter>소스 파일\C언어실기문제들</Filter>
    </ClCompile>
    <ClCompile Include="C언어실기문제들\16.c">
      <Filter>소스 파일\C언어실기문제들</Filter>
    </ClCompile>
    <ClCompile Include="C언어실기문제들\17.c">
      <Filter>소스 파일\C언어실기문제들</Filter>
    </ClCompile>
    <ClCompile Include="C언어실기문제들\18.c">
      <Filter>소스 파일\C언어실기문제들</Filter>
    </ClCompile>
    <ClCompile Include="C언어실기문제들\19.c">
      <Filter>소스 파일\C언어실기문제들</Filter>
    </ClCompile>
    <ClCompile Include="C언어실기문제들\20.c">
      <Filter>소스 파일\C언어실기문제들</Filter>
    </ClCompile>
    <ClCompile Include="C언어실기문제들\21.c">
      <Filter>소스 파일\C언어실기문제들</Filter>
    </ClCompile>
    <ClCompile Include="C언어실기문제들\21.cpp">
      <Filter>소스 파일\C언어실기문제들</Filter>
    </ClCompile>
    <ClCompile Include="C언어실기문제들\22.c">
      <Filter>소스 파일\C언어실기문제들</Filter>
    </ClCompile>
    <ClCompile Include="C언어실기문제들\23.c">
      <Filter>소스 파일\C언어실기문제들</Filter>
    </ClCompile>
    <ClCompile Include="C언어실기문제들\24.c">
      <Filter>소스 파일\C언어실기문제들</Filter>
    </ClCompile>
    <ClCompile Include="C언어실기문제들\25.c">
      <Filter>소스 파일\C언어실기문제들</Filter>
    </ClCompile>
    <ClCompile Include="C언어실기문제들\26.c">
      <Filter>소스 파일\C언어실기문제들</Filter>
    </ClCompile>
    <ClCompile Include="C언어실기문제들\27.c">
      <Filter>소스 파일\C언어실기문제들</Filter>
    </ClCompile>
    <ClCompile Include="C언어실기문제들\28.c">
      <Filter>소스 파일\C언어실기문제들</Filter>
    </ClCompile>
    <ClCompile Include="C언어실기문제들\29.c">
      <Filter>소스 파일\C언어실기문제들</Filter>
    </ClCompile>
    <ClCompile Include="C언어실기문제들\30.c">
      <Filter>소스 파일\C언어실기문제들</Filter>
    </ClCompile>
    <ClCompile Include="C언어실기문제들\31.c">
      <Filter>소스 파일\C언어실기문제들</Filter>
    </ClCompile>
    <ClCompile Include="C언어실기문제들\32.c">
      <Filter>소스 파일\C언어실기문제들</Filter>
    </ClCompile>
    <ClCompile Include="C언어실기문제들\33.c">
      <Filter>소스 파일\C언어실기문제들</Filter>
    </ClCompile>
    <ClCompile Include="C언어실기문제들\34.c">
      <Filter>소스 파일\C언어실기문제들</Filter>
    </ClCompile>
    <ClCompile Include="C언어실기문제들\35.c">
      <Filter>소스 파일\C언어실기문제들</Filter>
    </ClCompile>
    <ClCompile Include="C언어실기문제들\36.c">
      <Filter>소스 파일\C언어실기문제들</Filter>
    </ClCompile>
    <ClCompile Include="C언어실기문제들\37.c">
      <Filter>소스 파일\C언어실기문제들</Filter>
    </ClCompile>
    <ClCompile Include="C언어실기문제들\38.c">
      <Filter>소스 파일\C언어실기문제들</Filter>
    </ClCompile>
    <ClCompile Include="C언어실기문제들\39.c">
      <Filter>소스 파일\C언어실기문제들</Filter>
    </ClCompile>
    <ClCompile Include="C언어실기문제들\40.c">
      <Filter>소스 파일\C언어실기문제들</Filter>
    </ClCompile>
    <ClCompile Include="C언어실기문제들\41.c">
      <Filter>소스 파일\C언어실기문제들</Filter>
    </ClCompile>
    <ClCompile Include="C언어실기문제들\42.c">
      <Filter>소스 파일\C언어실기문제들</Filter>
    </ClCompile>
    <ClCompile Include="C언어실기문제들\43.c">
      <Filter>소스 파일\C언어실기문제들</Filter>
    </ClCompile>
    <ClCompile Include="C언어실기문제들\44.c">
      <Filter>소스 파일\C언어실기문제들</Filter>
    </ClCompile>
    <ClCompile Include="C언어실기문제들\45.c">
      <Filter>소스 파일\C언어실기문제들</Filter>
    </ClCompile>
    <ClCompile Include="C언어실기문제들\46.c">
      <Filter>소스 파일\C언어실기문제들</Filter>
    </ClCompile>
    <ClCompile Include="C언어실기문제들\47.c">
      <Filter>소스 파일\C언어실기문제들</Filter>
    </ClCompile>
    <ClCompile Include="C언어실기문제들\48.c">
      <Filter>소스 파일\C언어실기문제들</Filter>
    </ClCompile>
    <ClCompile Include="C언어실기문제들\49.c">
      <Filter>소스 파일\C언어실기문제들</Filter>
    </ClCompile>
    <ClCompile Include="C언어실기문제들\50.c">
      <Filter>소스 파일\C언어실기문제들</Filter>
    </ClCompile>
    <ClCompile Include="C언어실기문제들\51.c">
      <Filter>소스 파일\C언어실기문제들</Filter>
    </ClCompile>
    <ClCompile Include="C언어실기문제들\52.c">
      <Filter>소스 파일\C언어실기문제들</Filter>
    </ClCompile>
    <ClCompile Include="C언어실기문제들\53.c">
      <Filter>소스 파일\C언어실기문제들</Filter>
    </ClCompile>
    <ClCompile Include="C언어실기문제들\54.c">
      <Filter>소스 파일\C언어실기문제들</Filter>
    </ClCompile>
    <ClCompile Include="C언어실기문제들\55.c">
      <Filter>소스 파일\C언어실기문제들</Filter>
    </ClCompile>
    <ClCompile Include="C언어실기문제들\56.c">
      <Filter>소스 파일\C언어실기문제들</Filter>
    </ClCompile>
    <ClCompile Include="C언어실기문제들\57.c">
      <Filter>소스 파일\C언어실기문제들</Filter>
    </ClCompile>
    <ClCompile Include="C언어실기문제들\58.c">
      <Filter>소스 파일\C언어실기문제들</Filter>
    </ClCompile>
    <ClCompile Include="C언어실기문제들\59.c">
      <Filter>소스 파일\C언어실기문제들</Filter>
    </ClCompile>
    <ClCompile Include="C언어실기문제들\60.c">
      <Filter>소스 파일\C언어실기문제들</Filter>
    </ClCompile>
    <ClCompile Include="2014까지_1\검증수.c">
      <Filter>소스 파일\2014까지_1</Filter>
    </ClCompile>
    <ClCompile Include="2014까지_1\과자.c">
      <Filter>소스 파일\2014까지_1</Filter>
    </ClCompile>
    <ClCompile Include="2014까지_1\그릇.c">
      <Filter>소스 파일\2014까지_1</Filter>
    </ClCompile>
    <ClCompile Include="2014까지_1\대표값2.c">
      <Filter>소스 파일\2014까지_1</Filter>
    </ClCompile>
    <ClCompile Include="2014까지_1\백설공주와난장이.c">
      <Filter>소스 파일\2014까지_1</Filter>
    </ClCompile>
    <ClCompile Include="2014까지_1\약수 구하기.c">
      <Filter>소스 파일\2014까지_1</Filter>
    </ClCompile>
    <ClCompile Include="2014까지_1\오븐 시계.c">
      <Filter>소스 파일\2014까지_1</Filter>
    </ClCompile>
    <ClCompile Include="2014까지_1\윷놀이.c">
      <Filter>소스 파일\2014까지_1</Filter>
    </ClCompile>
    <ClCompile Include="2014까지_1\지능형 기차.c">
      <Filter>소스 파일\2014까지_1</Filter>
    </ClCompile>
    <ClCompile Include="2014까지_1\최대값.c">
      <Filter>소스 파일\2014까지_1</Filter>
    </ClCompile>
    <ClCompile Include="2014까지_1\홀수.c">
      <Filter>소스 파일\2014까지_1</Filter>
    </ClCompile>
    <ClCompile Include="2014까지_2\곱셈.c">
      <Filter>소스 파일\2014까지_2</Filter>
    </ClCompile>
    <ClCompile Include="2014까지_2\나는 학급회장이다.(투표).c">
      <Filter>소스 파일\2014까지_2</Filter>
    </ClCompile>
    <ClCompile Include="2014까지_2\덩치.c">
      <Filter>소스 파일\2014까지_2</Filter>
    </ClCompile>
    <ClCompile Include="2014까지_2\떡 먹는 호랑이.c">
      <Filter>소스 파일\2014까지_2</Filter>
    </ClCompile>
    <ClCompile Include="2014까지_2\색종이(초).c">
      <Filter>소스 파일\2014까지_2</Filter>
    </ClCompile>
    <ClCompile Include="2014까지_2\수열.c">
      <Filter>소스 파일\2014까지_2</Filter>
    </ClCompile>
    <ClCompile Include="2014까지_2\숫자의 개수.c">
      <Filter>소스 파일\2014까지_2</Filter>
    </ClCompile>
    <ClCompile Include="2014까지_2\싸이클.c">
      <Filter>소스 파일\2014까지_2</Filter>
    </ClCompile>
    <ClCompile Include="2014까지_2\자리배정f.c">
      <Filter>소스 파일\2014까지_2</Filter>
    </ClCompile>
    <ClCompile Include="2014까지_2\주사위 게임.c">
      <Filter>소스 파일\2014까지_2</Filter>
    </ClCompile>
    <ClCompile Include="2014까지_2\줄 세우기.c">
      <Filter>소스 파일\2014까지_2</Filter>
    </ClCompile>
    <ClCompile Include="Lecture\bfs응용.c">
      <Filter>소스 파일\Lecture</Filter>
    </ClCompile>
    <ClCompile Include="Lecture\ccw.c">
      <Filter>소스 파일\Lecture</Filter>
    </ClCompile>
    <ClCompile Include="Lecture\개구리.c">
      <Filter>소스 파일\Lecture</Filter>
    </ClCompile>
    <ClCompile Include="Lecture\계단.c">
      <Filter>소스 파일\Lecture</Filter>
    </ClCompile>
    <ClCompile Include="Lecture\공주님의 정원.c">
      <Filter>소스 파일\Lecture</Filter>
    </ClCompile>
    <ClCompile Include="Lecture\그림압축.c">
      <Filter>소스 파일\Lecture</Filter>
    </ClCompile>
    <ClCompile Include="Lecture\대표선수.cpp">
      <Filter>소스 파일\Lecture</Filter>
    </ClCompile>
    <ClCompile Include="Lecture\두번 뒤집기.c">
      <Filter>소스 파일\Lecture</Filter>
    </ClCompile>
    <ClCompile Include="Lecture\로봇.c">
      <Filter>소스 파일\Lecture</Filter>
    </ClCompile>
    <ClCompile Include="Lecture\링크드리스트.c">
      <Filter>소스 파일\Lecture</Filter>
    </ClCompile>
    <ClCompile Include="Lecture\바이러스.c">
      <Filter>소스 파일\Lecture</Filter>
    </ClCompile>
    <ClCompile Include="Lecture\사다리.c">
      <Filter>소스 파일\Lecture</Filter>
    </ClCompile>
    <ClCompile Include="Lecture\소수.c">
      <Filter>소스 파일\Lecture</Filter>
    </ClCompile>
    <ClCompile Include="Lecture\숫자카드.c">
      <Filter>소스 파일\Lecture</Filter>
    </ClCompile>
    <ClCompile Include="Lecture\스도쿠.c">
      <Filter>소스 파일\Lecture</Filter>
    </ClCompile>
    <ClCompile Include="Lecture\연속구간.c">
      <Filter>소스 파일\Lecture</Filter>
    </ClCompile>
    <ClCompile Include="Lecture\위상정렬.c">
      <Filter>소스 파일\Lecture</Filter>
    </ClCompile>
    <ClCompile Include="Lecture\자동차 경주.c">
      <Filter>소스 파일\Lecture</Filter>
    </ClCompile>
    <ClCompile Include="Lecture\자리배정.c">
      <Filter>소스 파일\Lecture</Filter>
    </ClCompile>
    <ClCompile Include="Lecture\저울.c">
      <Filter>소스 파일\Lecture</Filter>
    </ClCompile>
    <ClCompile Include="Lecture\전깃줄.c">
      <Filter>소스 파일\Lecture</Filter>
    </ClCompile>
    <ClCompile Include="Lecture\주사위 세개.c">
      <Filter>소스 파일\Lecture</Filter>
    </ClCompile>
    <ClCompile Include="Lecture\참외밭.c">
      <Filter>소스 파일\Lecture</Filter>
    </ClCompile>
    <ClCompile Include="Lecture\철사 자르기.c">
      <Filter>소스 파일\Lecture</Filter>
    </ClCompile>
    <ClCompile Include="Lecture\최댓값.c">
      <Filter>소스 파일\Lecture</Filter>
    </ClCompile>
    <ClCompile Include="Lecture\해밍 경로.c">
      <Filter>소스 파일\Lecture</Filter>
    </ClCompile>
    <ClCompile Include="Lecture\회의실 배정.c">
      <Filter>소스 파일\Lecture</Filter>
    </ClCompile>
    <ClCompile Include="Lecture\회전초밥.c">
      <Filter>소스 파일\Lecture</Filter>
    </ClCompile>
  </ItemGroup>
</Project>