<?xml version="1.0" encoding="utf-8"?>
<Project ToolsVersion="4.0" xmlns="http://schemas.microsoft.com/developer/msbuild/2003">
  <ItemGroup>
    <Filter Include="소스 파일">
      <UniqueIdentifier>{4FC737F1-C7A5-4376-A066-2A32D752A2FF}</UniqueIdentifier>
      <Extensions>cpp;c;cc;cxx;def;odl;idl;hpj;bat;asm;asmx</Extensions>
    </Filter>
    <Filter Include="헤더 파일">
      <UniqueIdentifier>{93995380-89BD-4b04-88EB-625FBE52EBFB}</UniqueIdentifier>
      <Extensions>h;hh;hpp;hxx;hm;inl;inc;xsd</Extensions>
    </Filter>
    <Filter Include="리소스 파일">
      <UniqueIdentifier>{67DA6AB6-F800-4c08-8B7A-83BB121AAD01}</UniqueIdentifier>
      <Extensions>rc;ico;cur;bmp;dlg;rc2;rct;bin;rgs;gif;jpg;jpeg;jpe;resx;tiff;tif;png;wav;mfcribbon-ms</Extensions>
    </Filter>
    <Filter Include="소스 파일\Lecture">
      <UniqueIdentifier>{0cc598d6-933c-49f2-9d9f-b90fa7a64cf9}</UniqueIdentifier>
    </Filter>
    <Filter Include="소스 파일\C언어실기문제들">
      <UniqueIdentifier>{a31dd819-5bf4-48bb-93e7-02e1fdc74226}</UniqueIdentifier>
    </Filter>
    <Filter Include="소스 파일\2014까지_1">
      <UniqueIdentifier>{a934121e-b628-4919-97c3-d7f29791decc}</UniqueIdentifier>
    </Filter>
    <Filter Include="소스 파일\2014까지_2">
      <UniqueIdentifier>{c0f219c6-26f1-41b2-8ce8-0e14f5a1361a}</UniqueIdentifier>
    </Filter>
  </ItemGroup>
  <ItemGroup>
    <Text Include="input.txt">
      <Filter>리소스 파일</Filter>
    </Text>
    <Text Include="output.txt">
      <Filter>리소스 파일</Filter>
    </Text>
  </ItemGroup>
  <ItemGroup>
    <ClCompile Include="bfs응용.c">
      <Filter>소스 파일\Lecture</Filter>
    </ClCompile>
    <ClCompile Include="링크드리스트.c">
      <Filter>소스 파일\Lecture</Filter>
    </ClCompile>
    <ClCompile Include="위상정렬.c">
      <Filter>소스 파일\Lecture</Filter>
    </ClCompile>
    <ClCompile Include="1.c">
      <Filter>소스 파일\C언어실기문제들</Filter>
    </ClCompile>
    <ClCompile Include="2.c">
      <Filter>소스 파일\C언어실기문제들</Filter>
    </ClCompile>
    <ClCompile Include="3.c">
      <Filter>소스 파일\C언어실기문제들</Filter>
    </ClCompile>
    <ClCompile Include="4.c">
      <Filter>소스 파일\C언어실기문제들</Filter>
    </ClCompile>
    <ClCompile Include="5.c">
      <Filter>소스 파일\C언어실기문제들</Filter>
    </ClCompile>
    <ClCompile Include="6.c">
      <Filter>소스 파일\C언어실기문제들</Filter>
    </ClCompile>
    <ClCompile Include="7.c">
      <Filter>소스 파일\C언어실기문제들</Filter>
    </ClCompile>
    <ClCompile Include="8.c">
      <Filter>소스 파일\C언어실기문제들</Filter>
    </ClCompile>
    <ClCompile Include="9.c">
      <Filter>소스 파일\C언어실기문제들</Filter>
    </ClCompile>
    <ClCompile Include="10.c">
      <Filter>소스 파일\C언어실기문제들</Filter>
    </ClCompile>
    <ClCompile Include="11.c">
      <Filter>소스 파일\C언어실기문제들</Filter>
    </ClCompile>
    <ClCompile Include="12.c">
      <Filter>소스 파일\C언어실기문제들</Filter>
    </ClCompile>
    <ClCompile Include="13.c">
      <Filter>소스 파일\C언어실기문제들</Filter>
    </ClCompile>
    <ClCompile Include="14.c">
      <Filter>소스 파일\C언어실기문제들</Filter>
    </ClCompile>
    <ClCompile Include="15.c">
      <Filter>소스 파일\C언어실기문제들</Filter>
    </ClCompile>
    <ClCompile Include="16.c">
      <Filter>소스 파일\C언어실기문제들</Filter>
    </ClCompile>
    <ClCompile Include="17.c">
      <Filter>소스 파일\C언어실기문제들</Filter>
    </ClCompile>
    <ClCompile Include="18.c">
      <Filter>소스 파일\C언어실기문제들</Filter>
    </ClCompile>
    <ClCompile Include="19.c">
      <Filter>소스 파일\C언어실기문제들</Filter>
    </ClCompile>
    <ClCompile Include="20.c">
      <Filter>소스 파일\C언어실기문제들</Filter>
    </ClCompile>
    <ClCompile Include="21.c">
      <Filter>소스 파일\C언어실기문제들</Filter>
    </ClCompile>
    <ClCompile Include="22.c">
      <Filter>소스 파일\C언어실기문제들</Filter>
    </ClCompile>
    <ClCompile Include="23.c">
      <Filter>소스 파일\C언어실기문제들</Filter>
    </ClCompile>
    <ClCompile Include="24.c">
      <Filter>소스 파일\C언어실기문제들</Filter>
    </ClCompile>
    <ClCompile Include="26.c">
      <Filter>소스 파일\C언어실기문제들</Filter>
    </ClCompile>
    <ClCompile Include="27.c">
      <Filter>소스 파일\C언어실기문제들</Filter>
    </ClCompile>
    <ClCompile Include="28.c">
      <Filter>소스 파일\C언어실기문제들</Filter>
    </ClCompile>
    <ClCompile Include="29.c">
      <Filter>소스 파일\C언어실기문제들</Filter>
    </ClCompile>
    <ClCompile Include="30.c">
      <Filter>소스 파일\C언어실기문제들</Filter>
    </ClCompile>
    <ClCompile Include="31.c">
      <Filter>소스 파일\C언어실기문제들</Filter>
    </ClCompile>
    <ClCompile Include="32.c">
      <Filter>소스 파일\C언어실기문제들</Filter>
    </ClCompile>
    <ClCompile Include="33.c">
      <Filter>소스 파일\C언어실기문제들</Filter>
    </ClCompile>
    <ClCompile Include="34.c">
      <Filter>소스 파일\C언어실기문제들</Filter>
    </ClCompile>
    <ClCompile Include="35.c">
      <Filter>소스 파일\C언어실기문제들</Filter>
    </ClCompile>
    <ClCompile Include="37.c">
      <Filter>소스 파일\C언어실기문제들</Filter>
    </ClCompile>
    <ClCompile Include="38.c">
      <Filter>소스 파일\C언어실기문제들</Filter>
    </ClCompile>
    <ClCompile Include="40.c">
      <Filter>소스 파일\C언어실기문제들</Filter>
    </ClCompile>
    <ClCompile Include="42.c">
      <Filter>소스 파일\C언어실기문제들</Filter>
    </ClCompile>
    <ClCompile Include="43.c">
      <Filter>소스 파일\C언어실기문제들</Filter>
    </ClCompile>
    <ClCompile Include="44.c">
      <Filter>소스 파일\C언어실기문제들</Filter>
    </ClCompile>
    <ClCompile Include="45.c">
      <Filter>소스 파일\C언어실기문제들</Filter>
    </ClCompile>
    <ClCompile Include="46.c">
      <Filter>소스 파일\C언어실기문제들</Filter>
    </ClCompile>
    <ClCompile Include="47.c">
      <Filter>소스 파일\C언어실기문제들</Filter>
    </ClCompile>
    <ClCompile Include="49.c">
      <Filter>소스 파일\C언어실기문제들</Filter>
    </ClCompile>
    <ClCompile Include="50.c">
      <Filter>소스 파일\C언어실기문제들</Filter>
    </ClCompile>
    <ClCompile Include="51.c">
      <Filter>소스 파일\C언어실기문제들</Filter>
    </ClCompile>
    <ClCompile Include="52.c">
      <Filter>소스 파일\C언어실기문제들</Filter>
    </ClCompile>
    <ClCompile Include="ccw.c">
      <Filter>소스 파일\Lecture</Filter>
    </ClCompile>
    <ClCompile Include="55.c">
      <Filter>소스 파일\C언어실기문제들</Filter>
    </ClCompile>
    <ClCompile Include="56.c">
      <Filter>소스 파일\C언어실기문제들</Filter>
    </ClCompile>
    <ClCompile Include="57.c">
      <Filter>소스 파일\C언어실기문제들</Filter>
    </ClCompile>
    <ClCompile Include="59.c">
      <Filter>소스 파일\C언어실기문제들</Filter>
    </ClCompile>
    <ClCompile Include="60.c">
      <Filter>소스 파일\C언어실기문제들</Filter>
    </ClCompile>
    <ClCompile Include="25.c">
      <Filter>소스 파일\C언어실기문제들</Filter>
    </ClCompile>
    <ClCompile Include="36.c">
      <Filter>소스 파일\C언어실기문제들</Filter>
    </ClCompile>
    <ClCompile Include="39.c">
      <Filter>소스 파일\C언어실기문제들</Filter>
    </ClCompile>
    <ClCompile Include="41.c">
      <Filter>소스 파일\C언어실기문제들</Filter>
    </ClCompile>
    <ClCompile Include="48.c">
      <Filter>소스 파일\C언어실기문제들</Filter>
    </ClCompile>
    <ClCompile Include="54.c">
      <Filter>소스 파일\C언어실기문제들</Filter>
    </ClCompile>
    <ClCompile Include="58.c">
      <Filter>소스 파일\C언어실기문제들</Filter>
    </ClCompile>
    <ClCompile Include="53.c">
      <Filter>소스 파일\C언어실기문제들</Filter>
    </ClCompile>
    <ClCompile Include="그림압축.c">
      <Filter>소스 파일\Lecture</Filter>
    </ClCompile>
    <ClCompile Include="저울.c">
      <Filter>소스 파일\Lecture</Filter>
    </ClCompile>
    <ClCompile Include="검증수.c">
      <Filter>소스 파일\2014까지_1</Filter>
    </ClCompile>
    <ClCompile Include="홀수.c">
      <Filter>소스 파일\2014까지_1</Filter>
    </ClCompile>
    <ClCompile Include="그릇.c">
      <Filter>소스 파일\2014까지_1</Filter>
    </ClCompile>
    <ClCompile Include="지능형 기차.c">
      <Filter>소스 파일\2014까지_1</Filter>
    </ClCompile>
    <ClCompile Include="약수 구하기.c">
      <Filter>소스 파일\2014까지_1</Filter>
    </ClCompile>
    <ClCompile Include="윷놀이.c">
      <Filter>소스 파일\2014까지_1</Filter>
    </ClCompile>
    <ClCompile Include="백설공주와난장이.c">
      <Filter>소스 파일\2014까지_1</Filter>
    </ClCompile>
    <ClCompile Include="로봇.c">
      <Filter>소스 파일\Lecture</Filter>
    </ClCompile>
    <ClCompile Include="최대값.c">
      <Filter>소스 파일\2014까지_1</Filter>
    </ClCompile>
    <ClCompile Include="대표값2.c">
      <Filter>소스 파일\2014까지_1</Filter>
    </ClCompile>
    <ClCompile Include="오븐 시계.c">
      <Filter>소스 파일\2014까지_1</Filter>
    </ClCompile>
    <ClCompile Include="과자.c">
      <Filter>소스 파일\2014까지_1</Filter>
    </ClCompile>
    <ClCompile Include="계단.c">
      <Filter>소스 파일\Lecture</Filter>
    </ClCompile>
    <ClCompile Include="줄 세우기.c">
      <Filter>소스 파일\2014까지_2</Filter>
    </ClCompile>
    <ClCompile Include="곱셈.c">
      <Filter>소스 파일\2014까지_2</Filter>
    </ClCompile>
    <ClCompile Include="숫자카드.c">
      <Filter>소스 파일\Lecture</Filter>
    </ClCompile>
    <ClCompile Include="두번 뒤집기.c">
      <Filter>소스 파일\Lecture</Filter>
    </ClCompile>
    <ClCompile Include="주사위 게임.c">
      <Filter>소스 파일\2014까지_2</Filter>
    </ClCompile>
    <ClCompile Include="덩치.c">
      <Filter>소스 파일\2014까지_2</Filter>
    </ClCompile>
    <ClCompile Include="색총이%28초%29.c">
      <Filter>소스 파일\2014까지_2</Filter>
    </ClCompile>
    <ClCompile Include="숫자의 개수.c">
      <Filter>소스 파일\2014까지_2</Filter>
    </ClCompile>
    <ClCompile Include="싸이클.c">
      <Filter>소스 파일\2014까지_2</Filter>
    </ClCompile>
    <ClCompile Include="스도쿠.c">
      <Filter>소스 파일\Lecture</Filter>
    </ClCompile>
    <ClCompile Include="사다리.c">
      <Filter>소스 파일\Lecture</Filter>
    </ClCompile>
    <ClCompile Include="떡 먹는 호랑이.c">
      <Filter>소스 파일\2014까지_2</Filter>
    </ClCompile>
    <ClCompile Include="참외밭.c">
      <Filter>소스 파일\Lecture</Filter>
    </ClCompile>
    <ClCompile Include="공주님의 정원.c">
      <Filter>소스 파일\Lecture</Filter>
    </ClCompile>
    <ClCompile Include="자리배정f.c">
      <Filter>소스 파일\2014까지_2</Filter>
    </ClCompile>
    <ClCompile Include="철사 자르기.c">
      <Filter>소스 파일\Lecture</Filter>
    </ClCompile>
    <ClCompile Include="회전초밥.c">
      <Filter>소스 파일\Lecture</Filter>
    </ClCompile>
    <ClCompile Include="나는 학급회장이다.(투표).c">
      <Filter>소스 파일\2014까지_2</Filter>
    </ClCompile>
    <ClCompile Include="해밍 경로.c">
      <Filter>소스 파일\Lecture</Filter>
    </ClCompile>
    <ClCompile Include="개구리c.cpp">
      <Filter>소스 파일\Lecture</Filter>
    </ClCompile>
    <ClCompile Include="수열.c">
      <Filter>소스 파일\2014까지_2</Filter>
    </ClCompile>
    <ClCompile Include="회의실 배정.c">
      <Filter>소스 파일\Lecture</Filter>
    </ClCompile>
    <ClCompile Include="대표선수.cpp">
      <Filter>소스 파일\Lecture</Filter>
    </ClCompile>
    <ClCompile Include="전깃줄2.c">
      <Filter>소스 파일\Lecture</Filter>
    </ClCompile>
    <ClCompile Include="자동차 경주.c">
      <Filter>소스 파일\Lecture</Filter>
    </ClCompile>
    <ClCompile Include="바이러스.c">
      <Filter>소스 파일\Lecture</Filter>
    </ClCompile>
  </ItemGroup>
</Project>